
Microsoft Visual Studio Solution File, Format Version 12.00
# Visual Studio Version 16
VisualStudioVersion = 16.0.30717.126
MinimumVisualStudioVersion = 10.0.40219.1
Project("{8BC9CEB8-8B4A-11D0-8D11-00A0C91BC942}") = "ОчередиЛаба", "ОчередиЛаба\ОчередиЛаба.vcxproj", "{D0CD39D2-B62F-40BB-8993-AEBEAA7EF62E}"
EndProject
Global
	GlobalSection(SolutionConfigurationPlatforms) = preSolution
		Debug|x64 = Debug|x64
		Debug|x86 = Debug|x86
		Release|x64 = Release|x64
		Release|x86 = Release|x86
	EndGlobalSection
	GlobalSection(ProjectConfigurationPlatforms) = postSolution
		{D0CD39D2-B62F-40BB-8993-AEBEAA7EF62E}.Debug|x64.ActiveCfg = Debug|x64
		{D0CD39D2-B62F-40BB-8993-AEBEAA7EF62E}.Debug|x64.Build.0 = Debug|x64
		{D0CD39D2-B62F-40BB-8993-AEBEAA7EF62E}.Debug|x86.ActiveCfg = Debug|Win32
		{D0CD39D2-B62F-40BB-8993-AEBEAA7EF62E}.Debug|x86.Build.0 = Debug|Win32
		{D0CD39D2-B62F-40BB-8993-AEBEAA7EF62E}.Release|x64.ActiveCfg = Release|x64
		{D0CD39D2-B62F-40BB-8993-AEBEAA7EF62E}.Release|x64.Build.0 = Release|x64
		{D0CD39D2-B62F-40BB-8993-AEBEAA7EF62E}.Release|x86.ActiveCfg = Release|Win32
		{D0CD39D2-B62F-40BB-8993-AEBEAA7EF62E}.Release|x86.Build.0 = Release|Win32
	EndGlobalSection
	GlobalSection(SolutionProperties) = preSolution
		HideSolutionNode = FALSE
	EndGlobalSection
	GlobalSection(ExtensibilityGlobals) = postSolution
		SolutionGuid = {B0E322D8-D03C-42DB-A51E-27F029828417}
	EndGlobalSection
EndGlobal
